
Microsoft Visual Studio Solution File, Format Version 12.00
# Visual Studio 15
VisualStudioVersion = 15.0.26430.14
MinimumVisualStudioVersion = 10.0.40219.1
Project("{FAE04EC0-301F-11D3-BF4B-00C04F79EFBC}") = "EldevinAssistant", "EldevinAssistant\EldevinAssistant.csproj", "{FAE106B0-40E8-4709-9699-3AD59E8F29D5}"
EndProject
Global
	GlobalSection(SolutionConfigurationPlatforms) = preSolution
		Debug|Any CPU = Debug|Any CPU
		Release|Any CPU = Release|Any CPU
	EndGlobalSection
	GlobalSection(ProjectConfigurationPlatforms) = postSolution
		{FAE106B0-40E8-4709-9699-3AD59E8F29D5}.Debug|Any CPU.ActiveCfg = Debug|Any CPU
		{FAE106B0-40E8-4709-9699-3AD59E8F29D5}.Debug|Any CPU.Build.0 = Debug|Any CPU
		{FAE106B0-40E8-4709-9699-3AD59E8F29D5}.Release|Any CPU.ActiveCfg = Release|Any CPU
		{FAE106B0-40E8-4709-9699-3AD59E8F29D5}.Release|Any CPU.Build.0 = Release|Any CPU
	EndGlobalSection
	GlobalSection(SolutionProperties) = preSolution
		HideSolutionNode = FALSE
	EndGlobalSection
EndGlobal
